PODS:
  - FloatingSheetAlert (0.0.1)

DEPENDENCIES:
  - FloatingSheetAlert (from `../`)

EXTERNAL SOURCES:
  FloatingSheetAlert:
    :path: "../"

SPEC CHECKSUMS:
  FloatingSheetAlert: b4c59dbca57708050faff1b957bfea2c4580a6b5

PODFILE CHECKSUM: 859ed6223f0025be1f00bf2b697df8b740cbdffc

COCOAPODS: 1.9.3
